
Microsoft Visual Studio Solution File, Format Version 12.00
# Visual Studio Version 17
VisualStudioVersion = 17.10.35013.160
MinimumVisualStudioVersion = 10.0.40219.1
Project("{FAE04EC0-301F-11D3-BF4B-00C04F79EFBC}") = "FIT5032_FirstWebApplication", "FIT5032_FirstWebApplication\FIT5032_FirstWebApplication.csproj", "{F7DA5EDE-2B98-4F46-A91E-C255583CBEBE}"
EndProject
Project("{FAE04EC0-301F-11D3-BF4B-00C04F79EFBC}") = "FIT5032_FirstWebApplication.Tests", "FIT5032_FirstWebApplication.Tests\FIT5032_FirstWebApplication.Tests.csproj", "{32FE2A9A-2080-4BC5-A824-2506173FE8F6}"
EndProject
Global
	GlobalSection(SolutionConfigurationPlatforms) = preSolution
		Debug|Any CPU = Debug|Any CPU
		Release|Any CPU = Release|Any CPU
	EndGlobalSection
	GlobalSection(ProjectConfigurationPlatforms) = postSolution
		{F7DA5EDE-2B98-4F46-A91E-C255583CBEBE}.Debug|Any CPU.ActiveCfg = Debug|Any CPU
		{F7DA5EDE-2B98-4F46-A91E-C255583CBEBE}.Debug|Any CPU.Build.0 = Debug|Any CPU
		{F7DA5EDE-2B98-4F46-A91E-C255583CBEBE}.Release|Any CPU.ActiveCfg = Release|Any CPU
		{F7DA5EDE-2B98-4F46-A91E-C255583CBEBE}.Release|Any CPU.Build.0 = Release|Any CPU
		{32FE2A9A-2080-4BC5-A824-2506173FE8F6}.Debug|Any CPU.ActiveCfg = Debug|Any CPU
		{32FE2A9A-2080-4BC5-A824-2506173FE8F6}.Debug|Any CPU.Build.0 = Debug|Any CPU
		{32FE2A9A-2080-4BC5-A824-2506173FE8F6}.Release|Any CPU.ActiveCfg = Release|Any CPU
		{32FE2A9A-2080-4BC5-A824-2506173FE8F6}.Release|Any CPU.Build.0 = Release|Any CPU
	EndGlobalSection
	GlobalSection(SolutionProperties) = preSolution
		HideSolutionNode = FALSE
	EndGlobalSection
	GlobalSection(ExtensibilityGlobals) = postSolution
		SolutionGuid = {9A304B9C-AF38-4539-97CB-73E3193C4869}
	EndGlobalSection
EndGlobal
