
Microsoft Visual Studio Solution File, Format Version 12.00
# Visual Studio Version 17
VisualStudioVersion = 17.10.35013.160
MinimumVisualStudioVersion = 10.0.40219.1
Project("{FAE04EC0-301F-11D3-BF4B-00C04F79EFBC}") = "FIT5032_Myidentity", "FIT5032_Myidentity\FIT5032_Myidentity.csproj", "{D83000C0-5A1E-43D3-816C-6C45278DD30F}"
EndProject
Global
	GlobalSection(SolutionConfigurationPlatforms) = preSolution
		Debug|Any CPU = Debug|Any CPU
		Release|Any CPU = Release|Any CPU
	EndGlobalSection
	GlobalSection(ProjectConfigurationPlatforms) = postSolution
		{D83000C0-5A1E-43D3-816C-6C45278DD30F}.Debug|Any CPU.ActiveCfg = Debug|Any CPU
		{D83000C0-5A1E-43D3-816C-6C45278DD30F}.Debug|Any CPU.Build.0 = Debug|Any CPU
		{D83000C0-5A1E-43D3-816C-6C45278DD30F}.Release|Any CPU.ActiveCfg = Release|Any CPU
		{D83000C0-5A1E-43D3-816C-6C45278DD30F}.Release|Any CPU.Build.0 = Release|Any CPU
	EndGlobalSection
	GlobalSection(SolutionProperties) = preSolution
		HideSolutionNode = FALSE
	EndGlobalSection
	GlobalSection(ExtensibilityGlobals) = postSolution
		SolutionGuid = {033EE278-1F15-480F-BF42-F8F996206CCD}
	EndGlobalSection
EndGlobal
